// !$*UTF8*$!
{
	archiveVersion = 1;
	classes = {
	};
	objectVersion = 56;
	objects = {

/* Begin PBXBuildFile section */
		6A246DF02CEDB08A0046A140 /* AppDelegate.swift in Sources */ = {isa = PBXBuildFile; fileRef = 6A246DEF2CEDB08A0046A140 /* AppDelegate.swift */; };
		6A246DF22CEDB08A0046A140 /* SceneDelegate.swift in Sources */ = {isa = PBXBuildFile; fileRef = 6A246DF12CEDB08A0046A140 /* SceneDelegate.swift */; };
		6A246DF42CEDB08A0046A140 /* ViewController.swift in Sources */ = {isa = PBXBuildFile; fileRef = 6A246DF32CEDB08A0046A140 /* ViewController.swift */; };
		6A246DF72CEDB08A0046A140 /* Main.storyboard in Resources */ = {isa = PBXBuildFile; fileRef = 6A246DF52CEDB08A0046A140 /* Main.storyboard */; };
		6A246DF92CEDB08E0046A140 /* Assets.xcassets in Resources */ = {isa = PBXBuildFile; fileRef = 6A246DF82CEDB08E0046A140 /* Assets.xcassets */; };
		6A246DFC2CEDB08E0046A140 /* LaunchScreen.storyboard in Resources */ = {isa = PBXBuildFile; fileRef = 6A246DFA2CEDB08E0046A140 /* LaunchScreen.storyboard */; };
		6A737D902D0FFC010063838C /* AppConstants.swift in Sources */ = {isa = PBXBuildFile; fileRef = 6A737D8F2D0FFC010063838C /* AppConstants.swift */; };
		6A79A9AC2D1115BE00679142 /* PresetData.swift in Sources */ = {isa = PBXBuildFile; fileRef = 6A79A9AB2D1115BE00679142 /* PresetData.swift */; };
		6A79A9AE2D11173D00679142 /* DataConverter.swift in Sources */ = {isa = PBXBuildFile; fileRef = 6A79A9AD2D11173D00679142 /* DataConverter.swift */; };
		6A79A9B12D115F7B00679142 /* CustomInputView.swift in Sources */ = {isa = PBXBuildFile; fileRef = 6A79A9B02D115F7B00679142 /* CustomInputView.swift */; };
		6AE28F7A2D125AA3001531AE /* DataInputViewController.swift in Sources */ = {isa = PBXBuildFile; fileRef = 6AE28F792D125AA3001531AE /* DataInputViewController.swift */; };
		6AE28F7D2D125ACC001531AE /* ProductInputViewController.swift in Sources */ = {isa = PBXBuildFile; fileRef = 6AE28F7C2D125ACC001531AE /* ProductInputViewController.swift */; };
		6AE28F7F2D125ADE001531AE /* WebViewTestViewController.swift in Sources */ = {isa = PBXBuildFile; fileRef = 6AE28F7E2D125ADE001531AE /* WebViewTestViewController.swift */; };
		BD839E122D52038700055A34 /* DataManagerSDK.xcframework in Frameworks */ = {isa = PBXBuildFile; fileRef = BD839E102D52038100055A34 /* DataManagerSDK.xcframework */; };
		BD839E132D52038700055A34 /* DataManagerSDK.xcframework in Embed Frameworks */ = {isa = PBXBuildFile; fileRef = BD839E102D52038100055A34 /* DataManagerSDK.xcframework */; settings = {ATTRIBUTES = (RemoveHeadersOnCopy, ); }; };
/* End PBXBuildFile section */

/* Begin PBXCopyFilesBuildPhase section */
		BD839E142D52038700055A34 /* Embed Frameworks */ = {
			isa = PBXCopyFilesBuildPhase;
			buildActionMask = 2147483647;
			dstPath = "";
			dstSubfolderSpec = 10;
			files = (
				BD839E132D52038700055A34 /* DataManagerSDK.xcframework in Embed Frameworks */,
			);
			name = "Embed Frameworks";
			runOnlyForDeploymentPostprocessing = 0;
		};
/* End PBXCopyFilesBuildPhase section */

/* Begin PBXFileReference section */
		6A246DEC2CEDB08A0046A140 /* DataManagerSDKSample.app */ = {isa = PBXFileReference; explicitFileType = wrapper.application; includeInIndex = 0; path = DataManagerSDKSample.app; sourceTree = BUILT_PRODUCTS_DIR; };
		6A246DEF2CEDB08A0046A140 /* AppDelegate.swift */ = {isa = PBXFileReference; lastKnownFileType = sourcecode.swift; path = AppDelegate.swift; sourceTree = "<group>"; };
		6A246DF12CEDB08A0046A140 /* SceneDelegate.swift */ = {isa = PBXFileReference; lastKnownFileType = sourcecode.swift; path = SceneDelegate.swift; sourceTree = "<group>"; };
		6A246DF32CEDB08A0046A140 /* ViewController.swift */ = {isa = PBXFileReference; lastKnownFileType = sourcecode.swift; path = ViewController.swift; sourceTree = "<group>"; };
		6A246DF62CEDB08A0046A140 /* Base */ = {isa = PBXFileReference; lastKnownFileType = file.storyboard; name = Base; path = Base.lproj/Main.storyboard; sourceTree = "<group>"; };
		6A246DF82CEDB08E0046A140 /* Assets.xcassets */ = {isa = PBXFileReference; lastKnownFileType = folder.assetcatalog; path = Assets.xcassets; sourceTree = "<group>"; };
		6A246DFB2CEDB08E0046A140 /* Base */ = {isa = PBXFileReference; lastKnownFileType = file.storyboard; name = Base; path = Base.lproj/LaunchScreen.storyboard; sourceTree = "<group>"; };
		6A246DFD2CEDB08E0046A140 /* Info.plist */ = {isa = PBXFileReference; lastKnownFileType = text.plist.xml; path = Info.plist; sourceTree = "<group>"; };
		6A737D8F2D0FFC010063838C /* AppConstants.swift */ = {isa = PBXFileReference; lastKnownFileType = sourcecode.swift; path = AppConstants.swift; sourceTree = "<group>"; };
		6A79A9AB2D1115BE00679142 /* PresetData.swift */ = {isa = PBXFileReference; lastKnownFileType = sourcecode.swift; path = PresetData.swift; sourceTree = "<group>"; };
		6A79A9AD2D11173D00679142 /* DataConverter.swift */ = {isa = PBXFileReference; lastKnownFileType = sourcecode.swift; path = DataConverter.swift; sourceTree = "<group>"; };
		6A79A9B02D115F7B00679142 /* CustomInputView.swift */ = {isa = PBXFileReference; lastKnownFileType = sourcecode.swift; path = CustomInputView.swift; sourceTree = "<group>"; };
		6AE28F792D125AA3001531AE /* DataInputViewController.swift */ = {isa = PBXFileReference; lastKnownFileType = sourcecode.swift; path = DataInputViewController.swift; sourceTree = "<group>"; };
		6AE28F7C2D125ACC001531AE /* ProductInputViewController.swift */ = {isa = PBXFileReference; lastKnownFileType = sourcecode.swift; path = ProductInputViewController.swift; sourceTree = "<group>"; };
		6AE28F7E2D125ADE001531AE /* WebViewTestViewController.swift */ = {isa = PBXFileReference; lastKnownFileType = sourcecode.swift; path = WebViewTestViewController.swift; sourceTree = "<group>"; };
		BD839E102D52038100055A34 /* DataManagerSDK.xcframework */ = {isa = PBXFileReference; lastKnownFileType = wrapper.xcframework; name = DataManagerSDK.xcframework; path = ../DataManagerSDK.xcframework; sourceTree = SOURCE_ROOT; };
/* End PBXFileReference section */

/* Begin PBXFrameworksBuildPhase section */
		6A246DE92CEDB08A0046A140 /* Frameworks */ = {
			isa = PBXFrameworksBuildPhase;
			buildActionMask = 2147483647;
			files = (
				BD839E122D52038700055A34 /* DataManagerSDK.xcframework in Frameworks */,
			);
			runOnlyForDeploymentPostprocessing = 0;
		};
/* End PBXFrameworksBuildPhase section */

/* Begin PBXGroup section */
		6A246DE32CEDB08A0046A140 = {
			isa = PBXGroup;
			children = (
				6A246DEE2CEDB08A0046A140 /* Sample */,
				6A246DED2CEDB08A0046A140 /* Products */,
				6A246E552CEDEA380046A140 /* Frameworks */,
			);
			sourceTree = "<group>";
		};
		6A246DED2CEDB08A0046A140 /* Products */ = {
			isa = PBXGroup;
			children = (
				6A246DEC2CEDB08A0046A140 /* DataManagerSDKSample.app */,
			);
			name = Products;
			sourceTree = "<group>";
		};
		6A246DEE2CEDB08A0046A140 /* Sample */ = {
			isa = PBXGroup;
			children = (
				6AE28F7B2D125AAB001531AE /* Resource */,
				6A79A9AF2D115F6400679142 /* CustomView */,
				6A79A9AA2D1115AE00679142 /* Data */,
				6A737D8F2D0FFC010063838C /* AppConstants.swift */,
				6A246DEF2CEDB08A0046A140 /* AppDelegate.swift */,
				6A246DF12CEDB08A0046A140 /* SceneDelegate.swift */,
				6A246DF32CEDB08A0046A140 /* ViewController.swift */,
				6AE28F792D125AA3001531AE /* DataInputViewController.swift */,
				6AE28F7C2D125ACC001531AE /* ProductInputViewController.swift */,
				6AE28F7E2D125ADE001531AE /* WebViewTestViewController.swift */,
			);
			path = Sample;
			sourceTree = "<group>";
		};
		6A246E552CEDEA380046A140 /* Frameworks */ = {
			isa = PBXGroup;
			children = (
				BD839E102D52038100055A34 /* DataManagerSDK.xcframework */,
			);
			name = Frameworks;
			sourceTree = "<group>";
		};
		6A79A9AA2D1115AE00679142 /* Data */ = {
			isa = PBXGroup;
			children = (
				6A79A9AB2D1115BE00679142 /* PresetData.swift */,
				6A79A9AD2D11173D00679142 /* DataConverter.swift */,
			);
			path = Data;
			sourceTree = "<group>";
		};
		6A79A9AF2D115F6400679142 /* CustomView */ = {
			isa = PBXGroup;
			children = (
				6A79A9B02D115F7B00679142 /* CustomInputView.swift */,
			);
			path = CustomView;
			sourceTree = "<group>";
		};
		6AE28F7B2D125AAB001531AE /* Resource */ = {
			isa = PBXGroup;
			children = (
				6A246DF52CEDB08A0046A140 /* Main.storyboard */,
				6A246DF82CEDB08E0046A140 /* Assets.xcassets */,
				6A246DFA2CEDB08E0046A140 /* LaunchScreen.storyboard */,
				6A246DFD2CEDB08E0046A140 /* Info.plist */,
			);
			path = Resource;
			sourceTree = "<group>";
		};
/* End PBXGroup section */

/* Begin PBXNativeTarget section */
		6A246DEB2CEDB08A0046A140 /* Sample */ = {
			isa = PBXNativeTarget;
			buildConfigurationList = 6A246E002CEDB08E0046A140 /* Build configuration list for PBXNativeTarget "Sample" */;
			buildPhases = (
				6A246DE82CEDB08A0046A140 /* Sources */,
				6A246DE92CEDB08A0046A140 /* Frameworks */,
				6A246DEA2CEDB08A0046A140 /* Resources */,
				BD839E142D52038700055A34 /* Embed Frameworks */,
			);
			buildRules = (
			);
			dependencies = (
			);
			name = Sample;
			productName = Sample;
			productReference = 6A246DEC2CEDB08A0046A140 /* DataManagerSDKSample.app */;
			productType = "com.apple.product-type.application";
		};
/* End PBXNativeTarget section */

/* Begin PBXProject section */
		6A246DE42CEDB08A0046A140 /* Project object */ = {
			isa = PBXProject;
			attributes = {
				BuildIndependentTargetsInParallel = 1;
				LastSwiftUpdateCheck = 1520;
				LastUpgradeCheck = 1520;
				TargetAttributes = {
					6A246DEB2CEDB08A0046A140 = {
						CreatedOnToolsVersion = 15.2;
					};
				};
			};
			buildConfigurationList = 6A246DE72CEDB08A0046A140 /* Build configuration list for PBXProject "Sample" */;
			compatibilityVersion = "Xcode 14.0";
			developmentRegion = en;
			hasScannedForEncodings = 0;
			knownRegions = (
				en,
				Base,
			);
			mainGroup = 6A246DE32CEDB08A0046A140;
			productRefGroup = 6A246DED2CEDB08A0046A140 /* Products */;
			projectDirPath = "";
			projectRoot = "";
			targets = (
				6A246DEB2CEDB08A0046A140 /* Sample */,
			);
		};
/* End PBXProject section */

/* Begin PBXResourcesBuildPhase section */
		6A246DEA2CEDB08A0046A140 /* Resources */ = {
			isa = PBXResourcesBuildPhase;
			buildActionMask = 2147483647;
			files = (
				6A246DFC2CEDB08E0046A140 /* LaunchScreen.storyboard in Resources */,
				6A246DF92CEDB08E0046A140 /* Assets.xcassets in Resources */,
				6A246DF72CEDB08A0046A140 /* Main.storyboard in Resources */,
			);
			runOnlyForDeploymentPostprocessing = 0;
		};
/* End PBXResourcesBuildPhase section */

/* Begin PBXSourcesBuildPhase section */
		6A246DE82CEDB08A0046A140 /* Sources */ = {
			isa = PBXSourcesBuildPhase;
			buildActionMask = 2147483647;
			files = (
				6A79A9AE2D11173D00679142 /* DataConverter.swift in Sources */,
				6AE28F7D2D125ACC001531AE /* ProductInputViewController.swift in Sources */,
				6AE28F7A2D125AA3001531AE /* DataInputViewController.swift in Sources */,
				6A246DF42CEDB08A0046A140 /* ViewController.swift in Sources */,
				6AE28F7F2D125ADE001531AE /* WebViewTestViewController.swift in Sources */,
				6A246DF02CEDB08A0046A140 /* AppDelegate.swift in Sources */,
				6A79A9AC2D1115BE00679142 /* PresetData.swift in Sources */,
				6A246DF22CEDB08A0046A140 /* SceneDelegate.swift in Sources */,
				6A737D902D0FFC010063838C /* AppConstants.swift in Sources */,
				6A79A9B12D115F7B00679142 /* CustomInputView.swift in Sources */,
			);
			runOnlyForDeploymentPostprocessing = 0;
		};
/* End PBXSourcesBuildPhase section */

/* Begin PBXVariantGroup section */
		6A246DF52CEDB08A0046A140 /* Main.storyboard */ = {
			isa = PBXVariantGroup;
			children = (
				6A246DF62CEDB08A0046A140 /* Base */,
			);
			name = Main.storyboard;
			sourceTree = "<group>";
		};
		6A246DFA2CEDB08E0046A140 /* LaunchScreen.storyboard */ = {
			isa = PBXVariantGroup;
			children = (
				6A246DFB2CEDB08E0046A140 /* Base */,
			);
			name = LaunchScreen.storyboard;
			sourceTree = "<group>";
		};
/* End PBXVariantGroup section */

/* Begin XCBuildConfiguration section */
		6A246DFE2CEDB08E0046A140 /* Debug */ = {
			isa = XCBuildConfiguration;
			buildSettings = {
				ALWAYS_SEARCH_USER_PATHS = NO;
				ASSETCATALOG_COMPILER_GENERATE_SWIFT_ASSET_SYMBOL_EXTENSIONS = YES;
				CLANG_ANALYZER_NONNULL = YES;
				CLANG_ANALYZER_NUMBER_OBJECT_CONVERSION = YES_AGGRESSIVE;
				CLANG_CXX_LANGUAGE_STANDARD = "gnu++20";
				CLANG_ENABLE_MODULES = YES;
				CLANG_ENABLE_OBJC_ARC = YES;
				CLANG_ENABLE_OBJC_WEAK = YES;
				CLANG_WARN_BLOCK_CAPTURE_AUTORELEASING = YES;
				CLANG_WARN_BOOL_CONVERSION = YES;
				CLANG_WARN_COMMA = YES;
				CLANG_WARN_CONSTANT_CONVERSION = YES;
				CLANG_WARN_DEPRECATED_OBJC_IMPLEMENTATIONS = YES;
				CLANG_WARN_DIRECT_OBJC_ISA_USAGE = YES_ERROR;
				CLANG_WARN_DOCUMENTATION_COMMENTS = YES;
				CLANG_WARN_EMPTY_BODY = YES;
				CLANG_WARN_ENUM_CONVERSION = YES;
				CLANG_WARN_INFINITE_RECURSION = YES;
				CLANG_WARN_INT_CONVERSION = YES;
				CLANG_WARN_NON_LITERAL_NULL_CONVERSION = YES;
				CLANG_WARN_OBJC_IMPLICIT_RETAIN_SELF = YES;
				CLANG_WARN_OBJC_LITERAL_CONVERSION = YES;
				CLANG_WARN_OBJC_ROOT_CLASS = YES_ERROR;
				CLANG_WARN_QUOTED_INCLUDE_IN_FRAMEWORK_HEADER = YES;
				CLANG_WARN_RANGE_LOOP_ANALYSIS = YES;
				CLANG_WARN_STRICT_PROTOTYPES = YES;
				CLANG_WARN_SUSPICIOUS_MOVE = YES;
				CLANG_WARN_UNGUARDED_AVAILABILITY = YES_AGGRESSIVE;
				CLANG_WARN_UNREACHABLE_CODE = YES;
				CLANG_WARN__DUPLICATE_METHOD_MATCH = YES;
				COPY_PHASE_STRIP = NO;
				DEBUG_INFORMATION_FORMAT = dwarf;
				ENABLE_STRICT_OBJC_MSGSEND = YES;
				ENABLE_TESTABILITY = YES;
				ENABLE_USER_SCRIPT_SANDBOXING = YES;
				GCC_C_LANGUAGE_STANDARD = gnu17;
				GCC_DYNAMIC_NO_PIC = NO;
				GCC_NO_COMMON_BLOCKS = YES;
				GCC_OPTIMIZATION_LEVEL = 0;
				GCC_PREPROCESSOR_DEFINITIONS = (
					"DEBUG=1",
					"$(inherited)",
				);
				GCC_WARN_64_TO_32_BIT_CONVERSION = YES;
				GCC_WARN_ABOUT_RETURN_TYPE = YES_ERROR;
				GCC_WARN_UNDECLARED_SELECTOR = YES;
				GCC_WARN_UNINITIALIZED_AUTOS = YES_AGGRESSIVE;
				GCC_WARN_UNUSED_FUNCTION = YES;
				GCC_WARN_UNUSED_VARIABLE = YES;
				IPHONEOS_DEPLOYMENT_TARGET = 17.2;
				LOCALIZATION_PREFERS_STRING_CATALOGS = YES;
				MTL_ENABLE_DEBUG_INFO = INCLUDE_SOURCE;
				MTL_FAST_MATH = YES;
				ONLY_ACTIVE_ARCH = YES;
				SDKROOT = iphoneos;
				SWIFT_ACTIVE_COMPILATION_CONDITIONS = "DEBUG $(inherited)";
				SWIFT_OPTIMIZATION_LEVEL = "-Onone";
			};
			name = Debug;
		};
		6A246DFF2CEDB08E0046A140 /* Release */ = {
			isa = XCBuildConfiguration;
			buildSettings = {
				ALWAYS_SEARCH_USER_PATHS = NO;
				ASSETCATALOG_COMPILER_GENERATE_SWIFT_ASSET_SYMBOL_EXTENSIONS = YES;
				CLANG_ANALYZER_NONNULL = YES;
				CLANG_ANALYZER_NUMBER_OBJECT_CONVERSION = YES_AGGRESSIVE;
				CLANG_CXX_LANGUAGE_STANDARD = "gnu++20";
				CLANG_ENABLE_MODULES = YES;
				CLANG_ENABLE_OBJC_ARC = YES;
				CLANG_ENABLE_OBJC_WEAK = YES;
				CLANG_WARN_BLOCK_CAPTURE_AUTORELEASING = YES;
				CLANG_WARN_BOOL_CONVERSION = YES;
				CLANG_WARN_COMMA = YES;
				CLANG_WARN_CONSTANT_CONVERSION = YES;
				CLANG_WARN_DEPRECATED_OBJC_IMPLEMENTATIONS = YES;
				CLANG_WARN_DIRECT_OBJC_ISA_USAGE = YES_ERROR;
				CLANG_WARN_DOCUMENTATION_COMMENTS = YES;
				CLANG_WARN_EMPTY_BODY = YES;
				CLANG_WARN_ENUM_CONVERSION = YES;
				CLANG_WARN_INFINITE_RECURSION = YES;
				CLANG_WARN_INT_CONVERSION = YES;
				CLANG_WARN_NON_LITERAL_NULL_CONVERSION = YES;
				CLANG_WARN_OBJC_IMPLICIT_RETAIN_SELF = YES;
				CLANG_WARN_OBJC_LITERAL_CONVERSION = YES;
				CLANG_WARN_OBJC_ROOT_CLASS = YES_ERROR;
				CLANG_WARN_QUOTED_INCLUDE_IN_FRAMEWORK_HEADER = YES;
				CLANG_WARN_RANGE_LOOP_ANALYSIS = YES;
				CLANG_WARN_STRICT_PROTOTYPES = YES;
				CLANG_WARN_SUSPICIOUS_MOVE = YES;
				CLANG_WARN_UNGUARDED_AVAILABILITY = YES_AGGRESSIVE;
				CLANG_WARN_UNREACHABLE_CODE = YES;
				CLANG_WARN__DUPLICATE_METHOD_MATCH = YES;
				COPY_PHASE_STRIP = NO;
				DEBUG_INFORMATION_FORMAT = "dwarf-with-dsym";
				ENABLE_NS_ASSERTIONS = NO;
				ENABLE_STRICT_OBJC_MSGSEND = YES;
				ENABLE_USER_SCRIPT_SANDBOXING = YES;
				GCC_C_LANGUAGE_STANDARD = gnu17;
				GCC_NO_COMMON_BLOCKS = YES;
				GCC_WARN_64_TO_32_BIT_CONVERSION = YES;
				GCC_WARN_ABOUT_RETURN_TYPE = YES_ERROR;
				GCC_WARN_UNDECLARED_SELECTOR = YES;
				GCC_WARN_UNINITIALIZED_AUTOS = YES_AGGRESSIVE;
				GCC_WARN_UNUSED_FUNCTION = YES;
				GCC_WARN_UNUSED_VARIABLE = YES;
				IPHONEOS_DEPLOYMENT_TARGET = 17.2;
				LOCALIZATION_PREFERS_STRING_CATALOGS = YES;
				MTL_ENABLE_DEBUG_INFO = NO;
				MTL_FAST_MATH = YES;
				SDKROOT = iphoneos;
				SWIFT_COMPILATION_MODE = wholemodule;
				VALIDATE_PRODUCT = YES;
			};
			name = Release;
		};
		6A246E012CEDB08E0046A140 /* Debug */ = {
			isa = XCBuildConfiguration;
			buildSettings = {
				ASSETCATALOG_COMPILER_APPICON_NAME = AppIcon;
				ASSETCATALOG_COMPILER_GLOBAL_ACCENT_COLOR_NAME = AccentColor;
				CODE_SIGN_STYLE = Automatic;
				CURRENT_PROJECT_VERSION = 5;
				DEVELOPMENT_TEAM = GL4YVZY43K;
				GENERATE_INFOPLIST_FILE = YES;
				INFOPLIST_FILE = Sample/Resource/Info.plist;
				INFOPLIST_KEY_NSUserTrackingUsageDescription = "사용자 활동 분석을 위한 식별을 위해 해당 데이터가 사용됩니다.";
				INFOPLIST_KEY_UIApplicationSupportsIndirectInputEvents = YES;
				INFOPLIST_KEY_UILaunchStoryboardName = LaunchScreen;
				INFOPLIST_KEY_UIMainStoryboardFile = Main;
				INFOPLIST_KEY_UISupportedInterfaceOrientations = UIInterfaceOrientationPortrait;
				IPHONEOS_DEPLOYMENT_TARGET = 14.0;
				LD_RUNPATH_SEARCH_PATHS = (
					"$(inherited)",
					"@executable_path/Frameworks",
				);
				MARKETING_VERSION = 1.0.4;
				PRODUCT_BUNDLE_IDENTIFIER = com.enliple.datamanagerSample.Sample;
				PRODUCT_NAME = DataManagerSDKSample;
				SUPPORTED_PLATFORMS = "iphoneos iphonesimulator";
				SUPPORTS_MACCATALYST = NO;
				SUPPORTS_MAC_DESIGNED_FOR_IPHONE_IPAD = NO;
				SUPPORTS_XR_DESIGNED_FOR_IPHONE_IPAD = NO;
				SWIFT_EMIT_LOC_STRINGS = YES;
				SWIFT_VERSION = 5.0;
				TARGETED_DEVICE_FAMILY = "1,2";
			};
			name = Debug;
		};
		6A246E022CEDB08E0046A140 /* Release */ = {
			isa = XCBuildConfiguration;
			buildSettings = {
				ASSETCATALOG_COMPILER_APPICON_NAME = AppIcon;
				ASSETCATALOG_COMPILER_GLOBAL_ACCENT_COLOR_NAME = AccentColor;
				CODE_SIGN_STYLE = Automatic;
				CURRENT_PROJECT_VERSION = 5;
				DEVELOPMENT_TEAM = GL4YVZY43K;
				GENERATE_INFOPLIST_FILE = YES;
				INFOPLIST_FILE = Sample/Resource/Info.plist;
				INFOPLIST_KEY_NSUserTrackingUsageDescription = "사용자 활동 분석을 위한 식별을 위해 해당 데이터가 사용됩니다.";
				INFOPLIST_KEY_UIApplicationSupportsIndirectInputEvents = YES;
				INFOPLIST_KEY_UILaunchStoryboardName = LaunchScreen;
				INFOPLIST_KEY_UIMainStoryboardFile = Main;
				INFOPLIST_KEY_UISupportedInterfaceOrientations = UIInterfaceOrientationPortrait;
				IPHONEOS_DEPLOYMENT_TARGET = 14.0;
				LD_RUNPATH_SEARCH_PATHS = (
					"$(inherited)",
					"@executable_path/Frameworks",
				);
				MARKETING_VERSION = 1.0.4;
				PRODUCT_BUNDLE_IDENTIFIER = com.enliple.datamanagerSample.Sample;
				PRODUCT_NAME = DataManagerSDKSample;
				SUPPORTED_PLATFORMS = "iphoneos iphonesimulator";
				SUPPORTS_MACCATALYST = NO;
				SUPPORTS_MAC_DESIGNED_FOR_IPHONE_IPAD = NO;
				SUPPORTS_XR_DESIGNED_FOR_IPHONE_IPAD = NO;
				SWIFT_EMIT_LOC_STRINGS = YES;
				SWIFT_VERSION = 5.0;
				TARGETED_DEVICE_FAMILY = "1,2";
			};
			name = Release;
		};
/* End XCBuildConfiguration section */

/* Begin XCConfigurationList section */
		6A246DE72CEDB08A0046A140 /* Build configuration list for PBXProject "Sample" */ = {
			isa = XCConfigurationList;
			buildConfigurations = (
				6A246DFE2CEDB08E0046A140 /* Debug */,
				6A246DFF2CEDB08E0046A140 /* Release */,
			);
			defaultConfigurationIsVisible = 0;
			defaultConfigurationName = Release;
		};
		6A246E002CEDB08E0046A140 /* Build configuration list for PBXNativeTarget "Sample" */ = {
			isa = XCConfigurationList;
			buildConfigurations = (
				6A246E012CEDB08E0046A140 /* Debug */,
				6A246E022CEDB08E0046A140 /* Release */,
			);
			defaultConfigurationIsVisible = 0;
			defaultConfigurationName = Release;
		};
/* End XCConfigurationList section */
	};
	rootObject = 6A246DE42CEDB08A0046A140 /* Project object */;
}
